
Microsoft Visual Studio Solution File, Format Version 12.00
# Visual Studio Version 17
VisualStudioVersion = 17.8.34330.188
MinimumVisualStudioVersion = 10.0.40219.1
Project("{FAE04EC0-301F-11D3-BF4B-00C04F79EFBC}") = "Array.SearchEvenNumbers", "Array.SearchEvenNumbers\Array.SearchEvenNumbers.csproj", "{EFD19CE5-FBB6-4B0F-A614-AF414EFD08ED}"
EndProject
Global
	GlobalSection(SolutionConfigurationPlatforms) = preSolution
		Debug|Any CPU = Debug|Any CPU
		Release|Any CPU = Release|Any CPU
	EndGlobalSection
	GlobalSection(ProjectConfigurationPlatforms) = postSolution
		{EFD19CE5-FBB6-4B0F-A614-AF414EFD08ED}.Debug|Any CPU.ActiveCfg = Debug|Any CPU
		{EFD19CE5-FBB6-4B0F-A614-AF414EFD08ED}.Debug|Any CPU.Build.0 = Debug|Any CPU
		{EFD19CE5-FBB6-4B0F-A614-AF414EFD08ED}.Release|Any CPU.ActiveCfg = Release|Any CPU
		{EFD19CE5-FBB6-4B0F-A614-AF414EFD08ED}.Release|Any CPU.Build.0 = Release|Any CPU
	EndGlobalSection
	GlobalSection(SolutionProperties) = preSolution
		HideSolutionNode = FALSE
	EndGlobalSection
	GlobalSection(ExtensibilityGlobals) = postSolution
		SolutionGuid = {D358426D-9790-4F8A-A992-4894E58A6575}
	EndGlobalSection
EndGlobal
